
Microsoft Visual Studio Solution File, Format Version 12.00
# Visual Studio Version 16
VisualStudioVersion = 16.0.31112.23
MinimumVisualStudioVersion = 10.0.40219.1
Project("{FAE04EC0-301F-11D3-BF4B-00C04F79EFBC}") = "api rest 001", "api rest 001\api rest 001.csproj", "{5CFC1FAF-6282-4117-83D8-3382F012795A}"
EndProject
Global
	GlobalSection(SolutionConfigurationPlatforms) = preSolution
		Debug|Any CPU = Debug|Any CPU
		Release|Any CPU = Release|Any CPU
	EndGlobalSection
	GlobalSection(ProjectConfigurationPlatforms) = postSolution
		{5CFC1FAF-6282-4117-83D8-3382F012795A}.Debug|Any CPU.ActiveCfg = Debug|Any CPU
		{5CFC1FAF-6282-4117-83D8-3382F012795A}.Debug|Any CPU.Build.0 = Debug|Any CPU
		{5CFC1FAF-6282-4117-83D8-3382F012795A}.Release|Any CPU.ActiveCfg = Release|Any CPU
		{5CFC1FAF-6282-4117-83D8-3382F012795A}.Release|Any CPU.Build.0 = Release|Any CPU
	EndGlobalSection
	GlobalSection(SolutionProperties) = preSolution
		HideSolutionNode = FALSE
	EndGlobalSection
	GlobalSection(ExtensibilityGlobals) = postSolution
		SolutionGuid = {386FA430-968C-4E7B-96DC-2859FA0D3DE3}
	EndGlobalSection
EndGlobal
